
Microsoft Visual Studio Solution File, Format Version 12.00
# Visual Studio 14
VisualStudioVersion = 14.0.25420.1
MinimumVisualStudioVersion = 10.0.40219.1
Project("{FAE04EC0-301F-11D3-BF4B-00C04F79EFBC}") = "FerramentaCadastroModelo", "FerramentaCadastroModelo\FerramentaCadastroModelo.csproj", "{0BDB2C1F-91EB-48D8-B00A-2470ADA3FE6E}"
EndProject
Project("{FAE04EC0-301F-11D3-BF4B-00C04F79EFBC}") = "FerramentaCadastroModelo.Aplicativo", "FerramentaCadastroModelo.Aplicativo\FerramentaCadastroModelo.Aplicativo.csproj", "{E83C9AB1-9B1A-426B-A488-00968FF8A0EF}"
EndProject
Project("{FAE04EC0-301F-11D3-BF4B-00C04F79EFBC}") = "FerramentaCadastroModelo.Repositorio", "FerramentaCadastroModelo.Repositorio\FerramentaCadastroModelo.Repositorio.csproj", "{10ED07E0-25A4-4438-BBE5-73F7012B58DB}"
EndProject
Project("{FAE04EC0-301F-11D3-BF4B-00C04F79EFBC}") = "FerramentaCadastroModelo.Dominio", "FerramentaCadastroModelo.Dominio\FerramentaCadastroModelo.Dominio.csproj", "{20CD988C-DC3F-4B34-B776-178EC93C8B38}"
EndProject
Global
	GlobalSection(SolutionConfigurationPlatforms) = preSolution
		Debug|Any CPU = Debug|Any CPU
		Release|Any CPU = Release|Any CPU
	EndGlobalSection
	GlobalSection(ProjectConfigurationPlatforms) = postSolution
		{0BDB2C1F-91EB-48D8-B00A-2470ADA3FE6E}.Debug|Any CPU.ActiveCfg = Debug|Any CPU
		{0BDB2C1F-91EB-48D8-B00A-2470ADA3FE6E}.Debug|Any CPU.Build.0 = Debug|Any CPU
		{0BDB2C1F-91EB-48D8-B00A-2470ADA3FE6E}.Release|Any CPU.ActiveCfg = Release|Any CPU
		{0BDB2C1F-91EB-48D8-B00A-2470ADA3FE6E}.Release|Any CPU.Build.0 = Release|Any CPU
		{E83C9AB1-9B1A-426B-A488-00968FF8A0EF}.Debug|Any CPU.ActiveCfg = Debug|Any CPU
		{E83C9AB1-9B1A-426B-A488-00968FF8A0EF}.Debug|Any CPU.Build.0 = Debug|Any CPU
		{E83C9AB1-9B1A-426B-A488-00968FF8A0EF}.Release|Any CPU.ActiveCfg = Release|Any CPU
		{E83C9AB1-9B1A-426B-A488-00968FF8A0EF}.Release|Any CPU.Build.0 = Release|Any CPU
		{10ED07E0-25A4-4438-BBE5-73F7012B58DB}.Debug|Any CPU.ActiveCfg = Debug|Any CPU
		{10ED07E0-25A4-4438-BBE5-73F7012B58DB}.Debug|Any CPU.Build.0 = Debug|Any CPU
		{10ED07E0-25A4-4438-BBE5-73F7012B58DB}.Release|Any CPU.ActiveCfg = Release|Any CPU
		{10ED07E0-25A4-4438-BBE5-73F7012B58DB}.Release|Any CPU.Build.0 = Release|Any CPU
		{20CD988C-DC3F-4B34-B776-178EC93C8B38}.Debug|Any CPU.ActiveCfg = Debug|Any CPU
		{20CD988C-DC3F-4B34-B776-178EC93C8B38}.Debug|Any CPU.Build.0 = Debug|Any CPU
		{20CD988C-DC3F-4B34-B776-178EC93C8B38}.Release|Any CPU.ActiveCfg = Release|Any CPU
		{20CD988C-DC3F-4B34-B776-178EC93C8B38}.Release|Any CPU.Build.0 = Release|Any CPU
	EndGlobalSection
	GlobalSection(SolutionProperties) = preSolution
		HideSolutionNode = FALSE
	EndGlobalSection
EndGlobal
